<?xml version="1.0" encoding="utf-8"?>
<Project ToolsVersion="4.0" xmlns="http://schemas.microsoft.com/developer/msbuild/2003">
  <ItemGroup>
    <ClCompile Include="App.cpp" />
    <ClCompile Include="Problem_1.cpp">
      <Filter>Pro_Solutions</Filter>
    </ClCompile>
    <ClCompile Include="Problem_2.cpp">
      <Filter>Pro_Solutions</Filter>
    </ClCompile>
    <ClCompile Include="Problem_3.cpp">
      <Filter>Pro_Solutions</Filter>
    </ClCompile>
    <ClCompile Include="Problem_4.cpp">
      <Filter>Pro_Solutions</Filter>
    </ClCompile>
    <ClCompile Include="Problem_5.cpp">
      <Filter>Pro_Solutions</Filter>
    </ClCompile>
    <ClCompile Include="Problem_6.cpp">
      <Filter>Pro_Solutions</Filter>
    </ClCompile>
    <ClCompile Include="Problem_7.cpp">
      <Filter>Pro_Solutions</Filter>
    </ClCompile>
    <ClCompile Include="Problem_8.cpp">
      <Filter>Pro_Solutions</Filter>
    </ClCompile>
    <ClCompile Include="Problem_9.cpp">
      <Filter>Pro_Solutions</Filter>
    </ClCompile>
    <ClCompile Include="Problem_10.cpp">
      <Filter>Pro_Solutions</Filter>
    </ClCompile>
    <ClCompile Include="Problem_11.cpp">
      <Filter>Pro_Solutions</Filter>
    </ClCompile>
    <ClCompile Include="Problem_12.cpp">
      <Filter>Pro_Solutions</Filter>
    </ClCompile>
    <ClCompile Include="Problem_13.cpp">
      <Filter>Pro_Solutions</Filter>
    </ClCompile>
    <ClCompile Include="Problem_14.cpp">
      <Filter>Pro_Solutions</Filter>
    </ClCompile>
    <ClCompile Include="Problem_15.cpp">
      <Filter>Pro_Solutions</Filter>
    </ClCompile>
    <ClCompile Include="Problem_16.cpp">
      <Filter>Pro_Solutions</Filter>
    </ClCompile>
    <ClCompile Include="Problem_17.cpp">
      <Filter>Pro_Solutions</Filter>
    </ClCompile>
    <ClCompile Include="Problem_18.cpp">
      <Filter>Pro_Solutions</Filter>
    </ClCompile>
    <ClCompile Include="Problem_19.cpp">
      <Filter>Pro_Solutions</Filter>
    </ClCompile>
    <ClCompile Include="Problem_20.cpp">
      <Filter>Pro_Solutions</Filter>
    </ClCompile>
    <ClCompile Include="Problem_21.cpp">
      <Filter>Pro_Solutions</Filter>
    </ClCompile>
    <ClCompile Include="Problem_22.cpp">
      <Filter>Pro_Solutions</Filter>
    </ClCompile>
    <ClCompile Include="Problem_23.cpp">
      <Filter>Pro_Solutions</Filter>
    </ClCompile>
    <ClCompile Include="Problem_24.cpp">
      <Filter>Pro_Solutions</Filter>
    </ClCompile>
    <ClCompile Include="Problem_25.cpp">
      <Filter>Pro_Solutions</Filter>
    </ClCompile>
    <ClCompile Include="Problem_26.cpp">
      <Filter>Pro_Solutions</Filter>
    </ClCompile>
    <ClCompile Include="Problem_27.cpp">
      <Filter>Pro_Solutions</Filter>
    </ClCompile>
    <ClCompile Include="Problem_28.cpp">
      <Filter>Pro_Solutions</Filter>
    </ClCompile>
    <ClCompile Include="Problem_29.cpp">
      <Filter>Pro_Solutions</Filter>
    </ClCompile>
    <ClCompile Include="Problem_30.cpp">
      <Filter>Pro_Solutions</Filter>
    </ClCompile>
    <ClCompile Include="Problem_31.cpp">
      <Filter>Pro_Solutions</Filter>
    </ClCompile>
    <ClCompile Include="Problem_32.cpp">
      <Filter>Pro_Solutions</Filter>
    </ClCompile>
    <ClCompile Include="Problem_33.cpp">
      <Filter>Pro_Solutions</Filter>
    </ClCompile>
    <ClCompile Include="Problem_34.cpp">
      <Filter>Pro_Solutions</Filter>
    </ClCompile>
    <ClCompile Include="Problem_35.cpp">
      <Filter>Pro_Solutions</Filter>
    </ClCompile>
    <ClCompile Include="Problem_36.cpp">
      <Filter>Pro_Solutions</Filter>
    </ClCompile>
    <ClCompile Include="Problem_37.cpp">
      <Filter>Pro_Solutions</Filter>
    </ClCompile>
    <ClCompile Include="Problem_38.cpp">
      <Filter>Pro_Solutions</Filter>
    </ClCompile>
    <ClCompile Include="Problem_39.cpp">
      <Filter>Pro_Solutions</Filter>
    </ClCompile>
    <ClCompile Include="Problem_40.cpp">
      <Filter>Pro_Solutions</Filter>
    </ClCompile>
    <ClCompile Include="Problem_41.cpp">
      <Filter>Pro_Solutions</Filter>
    </ClCompile>
    <ClCompile Include="Problem_42.cpp">
      <Filter>Pro_Solutions</Filter>
    </ClCompile>
    <ClCompile Include="Problem_43.cpp">
      <Filter>Pro_Solutions</Filter>
    </ClCompile>
    <ClCompile Include="Problem_44.cpp">
      <Filter>Pro_Solutions</Filter>
    </ClCompile>
    <ClCompile Include="Problem_45.cpp">
      <Filter>Pro_Solutions</Filter>
    </ClCompile>
    <ClCompile Include="Problem_46.cpp">
      <Filter>Pro_Solutions</Filter>
    </ClCompile>
    <ClCompile Include="Problem_47.cpp">
      <Filter>Pro_Solutions</Filter>
    </ClCompile>
    <ClCompile Include="Problem_48.cpp">
      <Filter>Pro_Solutions</Filter>
    </ClCompile>
    <ClCompile Include="Problem_49.cpp">
      <Filter>Pro_Solutions</Filter>
    </ClCompile>
    <ClCompile Include="Problem_50.cpp">
      <Filter>Pro_Solutions</Filter>
    </ClCompile>
    <ClCompile Include="Problem_02.cpp">
      <Filter>Pro_Confirmation</Filter>
    </ClCompile>
    <ClCompile Include="Problem_03.cpp">
      <Filter>Pro_Confirmation</Filter>
    </ClCompile>
  </ItemGroup>
  <ItemGroup>
    <Filter Include="Pro_Solutions">
      <UniqueIdentifier>{4083f6a6-3797-44f7-9fb9-3967e7da33ab}</UniqueIdentifier>
    </Filter>
    <Filter Include="Pro_Confirmation">
      <UniqueIdentifier>{a8fe34ed-86b7-47fc-9e86-975b8e635d09}</UniqueIdentifier>
    </Filter>
  </ItemGroup>
  <ItemGroup>
    <None Include="Problem_01.cpp">
      <Filter>Pro_Confirmation</Filter>
    </None>
  </ItemGroup>
</Project>