<?xml version="1.0" encoding="utf-8"?>
<Project ToolsVersion="4.0" xmlns="http://schemas.microsoft.com/developer/msbuild/2003">
  <ItemGroup>
    <ClCompile Include="App.cpp" />
    <ClCompile Include="Problem_1.cpp">
      <Filter>Pro_Solutions</Filter>
    </ClCompile>
    <ClCompile Include="Problem_2.cpp">
      <Filter>Pro_Solutions</Filter>
    </ClCompile>
    <ClCompile Include="Problem_3.cpp">
      <Filter>Pro_Solutions</Filter>
    </ClCompile>
    <ClCompile Include="Problem_4.cpp">
      <Filter>Pro_Solutions</Filter>
    </ClCompile>
    <ClCompile Include="Problem_5.cpp">
      <Filter>Pro_Solutions</Filter>
    </ClCompile>
    <ClCompile Include="Problem_6.cpp">
      <Filter>Pro_Solutions</Filter>
    </ClCompile>
    <ClCompile Include="Problem_7.cpp">
      <Filter>Pro_Solutions</Filter>
    </ClCompile>
    <ClCompile Include="Problem_8.cpp">
      <Filter>Pro_Solutions</Filter>
    </ClCompile>
    <ClCompile Include="Problem_9.cpp">
      <Filter>Pro_Solutions</Filter>
    </ClCompile>
    <ClCompile Include="Problem_10.cpp">
      <Filter>Pro_Solutions</Filter>
    </ClCompile>
    <ClCompile Include="Problem_11.cpp">
      <Filter>Pro_Solutions</Filter>
    </ClCompile>
    <ClCompile Include="Problem_12.cpp">
      <Filter>Pro_Solutions</Filter>
    </ClCompile>
    <ClCompile Include="Problem_13.cpp">
      <Filter>Pro_Solutions</Filter>
    </ClCompile>
    <ClCompile Include="Problem_14.cpp">
      <Filter>Pro_Solutions</Filter>
    </ClCompile>
    <ClCompile Include="Problem_15.cpp">
      <Filter>Pro_Solutions</Filter>
    </ClCompile>
    <ClCompile Include="Problem_16.cpp">
      <Filter>Pro_Solutions</Filter>
    </ClCompile>
    <ClCompile Include="Problem_17.cpp">
      <Filter>Pro_Solutions</Filter>
    </ClCompile>
    <ClCompile Include="Problem_18.cpp">
      <Filter>Pro_Solutions</Filter>
    </ClCompile>
    <ClCompile Include="Problem_19.cpp">
      <Filter>Pro_Solutions</Filter>
    </ClCompile>
    <ClCompile Include="Problem_20.cpp">
      <Filter>Pro_Solutions</Filter>
    </ClCompile>
  </ItemGroup>
  <ItemGroup>
    <Filter Include="Pro_Solutions">
      <UniqueIdentifier>{4083f6a6-3797-44f7-9fb9-3967e7da33ab}</UniqueIdentifier>
    </Filter>
  </ItemGroup>
</Project>